// !$*UTF8*$!
{
	archiveVersion = 1;
	classes = {
	};
	objectVersion = 56;
	objects = {

/* Begin PBXBuildFile section */
		4025AC62292AC5D1005AA602 /* MessageView.swift in Sources */ = {isa = PBXBuildFile; fileRef = 4025AC61292AC5D1005AA602 /* MessageView.swift */; };
		404C311C292833CA009299F5 /* HomeView.swift in Sources */ = {isa = PBXBuildFile; fileRef = 404C311B292833C9009299F5 /* HomeView.swift */; };
		404C311F292850E8009299F5 /* InboxView.swift in Sources */ = {isa = PBXBuildFile; fileRef = 404C311E292850E8009299F5 /* InboxView.swift */; };
		404C31212928531A009299F5 /* Color.swift in Sources */ = {isa = PBXBuildFile; fileRef = 404C31202928531A009299F5 /* Color.swift */; };
		404C3125292955E6009299F5 /* ProfileView.swift in Sources */ = {isa = PBXBuildFile; fileRef = 404C3124292955E6009299F5 /* ProfileView.swift */; };
		404C312729295ECB009299F5 /* ProfileContentView.swift in Sources */ = {isa = PBXBuildFile; fileRef = 404C312629295ECB009299F5 /* ProfileContentView.swift */; };
		404C312929295F69009299F5 /* UserPostsGridView.swift in Sources */ = {isa = PBXBuildFile; fileRef = 404C312829295F69009299F5 /* UserPostsGridView.swift */; };
		404C312B29299962009299F5 /* PreferenceKeys.swift in Sources */ = {isa = PBXBuildFile; fileRef = 404C312A29299962009299F5 /* PreferenceKeys.swift */; };
		40C8AC36292577B1005D6B9B /* TikTok_Clone__SwiftUI_App.swift in Sources */ = {isa = PBXBuildFile; fileRef = 40C8AC35292577B1005D6B9B /* TikTok_Clone__SwiftUI_App.swift */; };
		40C8AC38292577B1005D6B9B /* TikTokView.swift in Sources */ = {isa = PBXBuildFile; fileRef = 40C8AC37292577B1005D6B9B /* TikTokView.swift */; };
		40C8AC3A292577B3005D6B9B /* Assets.xcassets in Resources */ = {isa = PBXBuildFile; fileRef = 40C8AC39292577B3005D6B9B /* Assets.xcassets */; };
		40C8AC3D292577B3005D6B9B /* Preview Assets.xcassets in Resources */ = {isa = PBXBuildFile; fileRef = 40C8AC3C292577B3005D6B9B /* Preview Assets.xcassets */; };
		40C8AC4829257851005D6B9B /* TikTokViewModel.swift in Sources */ = {isa = PBXBuildFile; fileRef = 40C8AC4729257851005D6B9B /* TikTokViewModel.swift */; };
		40C8AC4C29257A20005D6B9B /* TikTokControls.swift in Sources */ = {isa = PBXBuildFile; fileRef = 40C8AC4B29257A20005D6B9B /* TikTokControls.swift */; };
		40C8AC4E292587FE005D6B9B /* Icon.swift in Sources */ = {isa = PBXBuildFile; fileRef = 40C8AC4D292587FE005D6B9B /* Icon.swift */; };
		40C8AC50292599D8005D6B9B /* TikTokVideo.swift in Sources */ = {isa = PBXBuildFile; fileRef = 40C8AC4F292599D8005D6B9B /* TikTokVideo.swift */; };
		40C8AC522925B6B6005D6B9B /* DummyData.swift in Sources */ = {isa = PBXBuildFile; fileRef = 40C8AC512925B6B6005D6B9B /* DummyData.swift */; };
		40C8AC542925BAB1005D6B9B /* CommentsView.swift in Sources */ = {isa = PBXBuildFile; fileRef = 40C8AC532925BAB1005D6B9B /* CommentsView.swift */; };
		40C8AC572926FCB2005D6B9B /* CommentView.swift in Sources */ = {isa = PBXBuildFile; fileRef = 40C8AC562926FCB2005D6B9B /* CommentView.swift */; };
		40C8AC59292703DA005D6B9B /* CommentTextFieldView.swift in Sources */ = {isa = PBXBuildFile; fileRef = 40C8AC58292703DA005D6B9B /* CommentTextFieldView.swift */; };
/* End PBXBuildFile section */

/* Begin PBXFileReference section */
		4025AC61292AC5D1005AA602 /* MessageView.swift */ = {isa = PBXFileReference; lastKnownFileType = sourcecode.swift; path = MessageView.swift; sourceTree = "<group>"; };
		404C311B292833C9009299F5 /* HomeView.swift */ = {isa = PBXFileReference; lastKnownFileType = sourcecode.swift; path = HomeView.swift; sourceTree = "<group>"; };
		404C311E292850E8009299F5 /* InboxView.swift */ = {isa = PBXFileReference; lastKnownFileType = sourcecode.swift; path = InboxView.swift; sourceTree = "<group>"; };
		404C31202928531A009299F5 /* Color.swift */ = {isa = PBXFileReference; lastKnownFileType = sourcecode.swift; path = Color.swift; sourceTree = "<group>"; };
		404C3124292955E6009299F5 /* ProfileView.swift */ = {isa = PBXFileReference; lastKnownFileType = sourcecode.swift; path = ProfileView.swift; sourceTree = "<group>"; };
		404C312629295ECB009299F5 /* ProfileContentView.swift */ = {isa = PBXFileReference; lastKnownFileType = sourcecode.swift; path = ProfileContentView.swift; sourceTree = "<group>"; };
		404C312829295F69009299F5 /* UserPostsGridView.swift */ = {isa = PBXFileReference; lastKnownFileType = sourcecode.swift; path = UserPostsGridView.swift; sourceTree = "<group>"; };
		404C312A29299962009299F5 /* PreferenceKeys.swift */ = {isa = PBXFileReference; lastKnownFileType = sourcecode.swift; path = PreferenceKeys.swift; sourceTree = "<group>"; };
		40C8AC32292577B1005D6B9B /* TikTok Clone (SwiftUI).app */ = {isa = PBXFileReference; explicitFileType = wrapper.application; includeInIndex = 0; path = "TikTok Clone (SwiftUI).app"; sourceTree = BUILT_PRODUCTS_DIR; };
		40C8AC35292577B1005D6B9B /* TikTok_Clone__SwiftUI_App.swift */ = {isa = PBXFileReference; lastKnownFileType = sourcecode.swift; path = TikTok_Clone__SwiftUI_App.swift; sourceTree = "<group>"; };
		40C8AC37292577B1005D6B9B /* TikTokView.swift */ = {isa = PBXFileReference; lastKnownFileType = sourcecode.swift; path = TikTokView.swift; sourceTree = "<group>"; };
		40C8AC39292577B3005D6B9B /* Assets.xcassets */ = {isa = PBXFileReference; lastKnownFileType = folder.assetcatalog; path = Assets.xcassets; sourceTree = "<group>"; };
		40C8AC3C292577B3005D6B9B /* Preview Assets.xcassets */ = {isa = PBXFileReference; lastKnownFileType = folder.assetcatalog; path = "Preview Assets.xcassets"; sourceTree = "<group>"; };
		40C8AC4729257851005D6B9B /* TikTokViewModel.swift */ = {isa = PBXFileReference; lastKnownFileType = sourcecode.swift; path = TikTokViewModel.swift; sourceTree = "<group>"; };
		40C8AC4B29257A20005D6B9B /* TikTokControls.swift */ = {isa = PBXFileReference; lastKnownFileType = sourcecode.swift; path = TikTokControls.swift; sourceTree = "<group>"; };
		40C8AC4D292587FE005D6B9B /* Icon.swift */ = {isa = PBXFileReference; lastKnownFileType = sourcecode.swift; path = Icon.swift; sourceTree = "<group>"; };
		40C8AC4F292599D8005D6B9B /* TikTokVideo.swift */ = {isa = PBXFileReference; lastKnownFileType = sourcecode.swift; path = TikTokVideo.swift; sourceTree = "<group>"; };
		40C8AC512925B6B6005D6B9B /* DummyData.swift */ = {isa = PBXFileReference; lastKnownFileType = sourcecode.swift; path = DummyData.swift; sourceTree = "<group>"; };
		40C8AC532925BAB1005D6B9B /* CommentsView.swift */ = {isa = PBXFileReference; lastKnownFileType = sourcecode.swift; path = CommentsView.swift; sourceTree = "<group>"; };
		40C8AC562926FCB2005D6B9B /* CommentView.swift */ = {isa = PBXFileReference; lastKnownFileType = sourcecode.swift; path = CommentView.swift; sourceTree = "<group>"; };
		40C8AC58292703DA005D6B9B /* CommentTextFieldView.swift */ = {isa = PBXFileReference; lastKnownFileType = sourcecode.swift; path = CommentTextFieldView.swift; sourceTree = "<group>"; };
/* End PBXFileReference section */

/* Begin PBXFrameworksBuildPhase section */
		40C8AC2F292577B1005D6B9B /* Frameworks */ = {
			isa = PBXFrameworksBuildPhase;
			buildActionMask = 2147483647;
			files = (
			);
			runOnlyForDeploymentPostprocessing = 0;
		};
/* End PBXFrameworksBuildPhase section */

/* Begin PBXGroup section */
		4025AC63292AE674005AA602 /* HomeView */ = {
			isa = PBXGroup;
			children = (
				404C311B292833C9009299F5 /* HomeView.swift */,
			);
			path = HomeView;
			sourceTree = "<group>";
		};
		404C311D292850D0009299F5 /* InboxView */ = {
			isa = PBXGroup;
			children = (
				404C311E292850E8009299F5 /* InboxView.swift */,
				4025AC61292AC5D1005AA602 /* MessageView.swift */,
			);
			path = InboxView;
			sourceTree = "<group>";
		};
		404C312229285320009299F5 /* Extensions */ = {
			isa = PBXGroup;
			children = (
				404C31202928531A009299F5 /* Color.swift */,
			);
			path = Extensions;
			sourceTree = "<group>";
		};
		404C3123292955D7009299F5 /* ProfileView */ = {
			isa = PBXGroup;
			children = (
				404C3124292955E6009299F5 /* ProfileView.swift */,
				404C312629295ECB009299F5 /* ProfileContentView.swift */,
				404C312829295F69009299F5 /* UserPostsGridView.swift */,
			);
			path = ProfileView;
			sourceTree = "<group>";
		};
		40C8AC29292577B1005D6B9B = {
			isa = PBXGroup;
			children = (
				40C8AC34292577B1005D6B9B /* TikTok Clone (SwiftUI) */,
				40C8AC33292577B1005D6B9B /* Products */,
			);
			sourceTree = "<group>";
		};
		40C8AC33292577B1005D6B9B /* Products */ = {
			isa = PBXGroup;
			children = (
				40C8AC32292577B1005D6B9B /* TikTok Clone (SwiftUI).app */,
			);
			name = Products;
			sourceTree = "<group>";
		};
		40C8AC34292577B1005D6B9B /* TikTok Clone (SwiftUI) */ = {
			isa = PBXGroup;
			children = (
				40C8AC35292577B1005D6B9B /* TikTok_Clone__SwiftUI_App.swift */,
				404C312229285320009299F5 /* Extensions */,
				40C8AC4629257844005D6B9B /* Model */,
				40C8AC43292577D7005D6B9B /* View */,
				40C8AC4529257835005D6B9B /* ViewModel */,
				40C8AC39292577B3005D6B9B /* Assets.xcassets */,
				40C8AC3B292577B3005D6B9B /* Preview Content */,
			);
			path = "TikTok Clone (SwiftUI)";
			sourceTree = "<group>";
		};
		40C8AC3B292577B3005D6B9B /* Preview Content */ = {
			isa = PBXGroup;
			children = (
				40C8AC3C292577B3005D6B9B /* Preview Assets.xcassets */,
			);
			path = "Preview Content";
			sourceTree = "<group>";
		};
		40C8AC43292577D7005D6B9B /* View */ = {
			isa = PBXGroup;
			children = (
				40C8AC44292577E0005D6B9B /* TikTokView */,
				40C8AC552925BAB6005D6B9B /* CommentsView */,
				4025AC63292AE674005AA602 /* HomeView */,
				404C311D292850D0009299F5 /* InboxView */,
				404C3123292955D7009299F5 /* ProfileView */,
			);
			path = View;
			sourceTree = "<group>";
		};
		40C8AC44292577E0005D6B9B /* TikTokView */ = {
			isa = PBXGroup;
			children = (
				40C8AC37292577B1005D6B9B /* TikTokView.swift */,
				40C8AC4B29257A20005D6B9B /* TikTokControls.swift */,
				40C8AC4D292587FE005D6B9B /* Icon.swift */,
			);
			path = TikTokView;
			sourceTree = "<group>";
		};
		40C8AC4529257835005D6B9B /* ViewModel */ = {
			isa = PBXGroup;
			children = (
				40C8AC4729257851005D6B9B /* TikTokViewModel.swift */,
			);
			path = ViewModel;
			sourceTree = "<group>";
		};
		40C8AC4629257844005D6B9B /* Model */ = {
			isa = PBXGroup;
			children = (
				40C8AC4F292599D8005D6B9B /* TikTokVideo.swift */,
				40C8AC512925B6B6005D6B9B /* DummyData.swift */,
				404C312A29299962009299F5 /* PreferenceKeys.swift */,
			);
			path = Model;
			sourceTree = "<group>";
		};
		40C8AC552925BAB6005D6B9B /* CommentsView */ = {
			isa = PBXGroup;
			children = (
				40C8AC532925BAB1005D6B9B /* CommentsView.swift */,
				40C8AC562926FCB2005D6B9B /* CommentView.swift */,
				40C8AC58292703DA005D6B9B /* CommentTextFieldView.swift */,
			);
			path = CommentsView;
			sourceTree = "<group>";
		};
/* End PBXGroup section */

/* Begin PBXNativeTarget section */
		40C8AC31292577B1005D6B9B /* TikTok Clone (SwiftUI) */ = {
			isa = PBXNativeTarget;
			buildConfigurationList = 40C8AC40292577B3005D6B9B /* Build configuration list for PBXNativeTarget "TikTok Clone (SwiftUI)" */;
			buildPhases = (
				40C8AC2E292577B1005D6B9B /* Sources */,
				40C8AC2F292577B1005D6B9B /* Frameworks */,
				40C8AC30292577B1005D6B9B /* Resources */,
			);
			buildRules = (
			);
			dependencies = (
			);
			name = "TikTok Clone (SwiftUI)";
			productName = "TikTok Clone (SwiftUI)";
			productReference = 40C8AC32292577B1005D6B9B /* TikTok Clone (SwiftUI).app */;
			productType = "com.apple.product-type.application";
		};
/* End PBXNativeTarget section */

/* Begin PBXProject section */
		40C8AC2A292577B1005D6B9B /* Project object */ = {
			isa = PBXProject;
			attributes = {
				BuildIndependentTargetsInParallel = 1;
				LastSwiftUpdateCheck = 1400;
				LastUpgradeCheck = 1400;
				TargetAttributes = {
					40C8AC31292577B1005D6B9B = {
						CreatedOnToolsVersion = 14.0.1;
					};
				};
			};
			buildConfigurationList = 40C8AC2D292577B1005D6B9B /* Build configuration list for PBXProject "TikTok Clone (SwiftUI)" */;
			compatibilityVersion = "Xcode 14.0";
			developmentRegion = en;
			hasScannedForEncodings = 0;
			knownRegions = (
				en,
				Base,
			);
			mainGroup = 40C8AC29292577B1005D6B9B;
			productRefGroup = 40C8AC33292577B1005D6B9B /* Products */;
			projectDirPath = "";
			projectRoot = "";
			targets = (
				40C8AC31292577B1005D6B9B /* TikTok Clone (SwiftUI) */,
			);
		};
/* End PBXProject section */

/* Begin PBXResourcesBuildPhase section */
		40C8AC30292577B1005D6B9B /* Resources */ = {
			isa = PBXResourcesBuildPhase;
			buildActionMask = 2147483647;
			files = (
				40C8AC3D292577B3005D6B9B /* Preview Assets.xcassets in Resources */,
				40C8AC3A292577B3005D6B9B /* Assets.xcassets in Resources */,
			);
			runOnlyForDeploymentPostprocessing = 0;
		};
/* End PBXResourcesBuildPhase section */

/* Begin PBXSourcesBuildPhase section */
		40C8AC2E292577B1005D6B9B /* Sources */ = {
			isa = PBXSourcesBuildPhase;
			buildActionMask = 2147483647;
			files = (
				40C8AC572926FCB2005D6B9B /* CommentView.swift in Sources */,
				404C311F292850E8009299F5 /* InboxView.swift in Sources */,
				40C8AC38292577B1005D6B9B /* TikTokView.swift in Sources */,
				40C8AC59292703DA005D6B9B /* CommentTextFieldView.swift in Sources */,
				404C312B29299962009299F5 /* PreferenceKeys.swift in Sources */,
				40C8AC4C29257A20005D6B9B /* TikTokControls.swift in Sources */,
				40C8AC36292577B1005D6B9B /* TikTok_Clone__SwiftUI_App.swift in Sources */,
				404C311C292833CA009299F5 /* HomeView.swift in Sources */,
				40C8AC522925B6B6005D6B9B /* DummyData.swift in Sources */,
				404C31212928531A009299F5 /* Color.swift in Sources */,
				40C8AC4E292587FE005D6B9B /* Icon.swift in Sources */,
				40C8AC4829257851005D6B9B /* TikTokViewModel.swift in Sources */,
				4025AC62292AC5D1005AA602 /* MessageView.swift in Sources */,
				404C312929295F69009299F5 /* UserPostsGridView.swift in Sources */,
				40C8AC542925BAB1005D6B9B /* CommentsView.swift in Sources */,
				404C312729295ECB009299F5 /* ProfileContentView.swift in Sources */,
				404C3125292955E6009299F5 /* ProfileView.swift in Sources */,
				40C8AC50292599D8005D6B9B /* TikTokVideo.swift in Sources */,
			);
			runOnlyForDeploymentPostprocessing = 0;
		};
/* End PBXSourcesBuildPhase section */

/* Begin XCBuildConfiguration section */
		40C8AC3E292577B3005D6B9B /* Debug */ = {
			isa = XCBuildConfiguration;
			buildSettings = {
				ALWAYS_SEARCH_USER_PATHS = NO;
				CLANG_ANALYZER_NONNULL = YES;
				CLANG_ANALYZER_NUMBER_OBJECT_CONVERSION = YES_AGGRESSIVE;
				CLANG_CXX_LANGUAGE_STANDARD = "gnu++20";
				CLANG_ENABLE_MODULES = YES;
				CLANG_ENABLE_OBJC_ARC = YES;
				CLANG_ENABLE_OBJC_WEAK = YES;
				CLANG_WARN_BLOCK_CAPTURE_AUTORELEASING = YES;
				CLANG_WARN_BOOL_CONVERSION = YES;
				CLANG_WARN_COMMA = YES;
				CLANG_WARN_CONSTANT_CONVERSION = YES;
				CLANG_WARN_DEPRECATED_OBJC_IMPLEMENTATIONS = YES;
				CLANG_WARN_DIRECT_OBJC_ISA_USAGE = YES_ERROR;
				CLANG_WARN_DOCUMENTATION_COMMENTS = YES;
				CLANG_WARN_EMPTY_BODY = YES;
				CLANG_WARN_ENUM_CONVERSION = YES;
				CLANG_WARN_INFINITE_RECURSION = YES;
				CLANG_WARN_INT_CONVERSION = YES;
				CLANG_WARN_NON_LITERAL_NULL_CONVERSION = YES;
				CLANG_WARN_OBJC_IMPLICIT_RETAIN_SELF = YES;
				CLANG_WARN_OBJC_LITERAL_CONVERSION = YES;
				CLANG_WARN_OBJC_ROOT_CLASS = YES_ERROR;
				CLANG_WARN_QUOTED_INCLUDE_IN_FRAMEWORK_HEADER = YES;
				CLANG_WARN_RANGE_LOOP_ANALYSIS = YES;
				CLANG_WARN_STRICT_PROTOTYPES = YES;
				CLANG_WARN_SUSPICIOUS_MOVE = YES;
				CLANG_WARN_UNGUARDED_AVAILABILITY = YES_AGGRESSIVE;
				CLANG_WARN_UNREACHABLE_CODE = YES;
				CLANG_WARN__DUPLICATE_METHOD_MATCH = YES;
				COPY_PHASE_STRIP = NO;
				DEBUG_INFORMATION_FORMAT = dwarf;
				ENABLE_STRICT_OBJC_MSGSEND = YES;
				ENABLE_TESTABILITY = YES;
				GCC_C_LANGUAGE_STANDARD = gnu11;
				GCC_DYNAMIC_NO_PIC = NO;
				GCC_NO_COMMON_BLOCKS = YES;
				GCC_OPTIMIZATION_LEVEL = 0;
				GCC_PREPROCESSOR_DEFINITIONS = (
					"DEBUG=1",
					"$(inherited)",
				);
				GCC_WARN_64_TO_32_BIT_CONVERSION = YES;
				GCC_WARN_ABOUT_RETURN_TYPE = YES_ERROR;
				GCC_WARN_UNDECLARED_SELECTOR = YES;
				GCC_WARN_UNINITIALIZED_AUTOS = YES_AGGRESSIVE;
				GCC_WARN_UNUSED_FUNCTION = YES;
				GCC_WARN_UNUSED_VARIABLE = YES;
				IPHONEOS_DEPLOYMENT_TARGET = 16.0;
				MTL_ENABLE_DEBUG_INFO = INCLUDE_SOURCE;
				MTL_FAST_MATH = YES;
				ONLY_ACTIVE_ARCH = YES;
				SDKROOT = iphoneos;
				SWIFT_ACTIVE_COMPILATION_CONDITIONS = DEBUG;
				SWIFT_OPTIMIZATION_LEVEL = "-Onone";
			};
			name = Debug;
		};
		40C8AC3F292577B3005D6B9B /* Release */ = {
			isa = XCBuildConfiguration;
			buildSettings = {
				ALWAYS_SEARCH_USER_PATHS = NO;
				CLANG_ANALYZER_NONNULL = YES;
				CLANG_ANALYZER_NUMBER_OBJECT_CONVERSION = YES_AGGRESSIVE;
				CLANG_CXX_LANGUAGE_STANDARD = "gnu++20";
				CLANG_ENABLE_MODULES = YES;
				CLANG_ENABLE_OBJC_ARC = YES;
				CLANG_ENABLE_OBJC_WEAK = YES;
				CLANG_WARN_BLOCK_CAPTURE_AUTORELEASING = YES;
				CLANG_WARN_BOOL_CONVERSION = YES;
				CLANG_WARN_COMMA = YES;
				CLANG_WARN_CONSTANT_CONVERSION = YES;
				CLANG_WARN_DEPRECATED_OBJC_IMPLEMENTATIONS = YES;
				CLANG_WARN_DIRECT_OBJC_ISA_USAGE = YES_ERROR;
				CLANG_WARN_DOCUMENTATION_COMMENTS = YES;
				CLANG_WARN_EMPTY_BODY = YES;
				CLANG_WARN_ENUM_CONVERSION = YES;
				CLANG_WARN_INFINITE_RECURSION = YES;
				CLANG_WARN_INT_CONVERSION = YES;
				CLANG_WARN_NON_LITERAL_NULL_CONVERSION = YES;
				CLANG_WARN_OBJC_IMPLICIT_RETAIN_SELF = YES;
				CLANG_WARN_OBJC_LITERAL_CONVERSION = YES;
				CLANG_WARN_OBJC_ROOT_CLASS = YES_ERROR;
				CLANG_WARN_QUOTED_INCLUDE_IN_FRAMEWORK_HEADER = YES;
				CLANG_WARN_RANGE_LOOP_ANALYSIS = YES;
				CLANG_WARN_STRICT_PROTOTYPES = YES;
				CLANG_WARN_SUSPICIOUS_MOVE = YES;
				CLANG_WARN_UNGUARDED_AVAILABILITY = YES_AGGRESSIVE;
				CLANG_WARN_UNREACHABLE_CODE = YES;
				CLANG_WARN__DUPLICATE_METHOD_MATCH = YES;
				COPY_PHASE_STRIP = NO;
				DEBUG_INFORMATION_FORMAT = "dwarf-with-dsym";
				ENABLE_NS_ASSERTIONS = NO;
				ENABLE_STRICT_OBJC_MSGSEND = YES;
				GCC_C_LANGUAGE_STANDARD = gnu11;
				GCC_NO_COMMON_BLOCKS = YES;
				GCC_WARN_64_TO_32_BIT_CONVERSION = YES;
				GCC_WARN_ABOUT_RETURN_TYPE = YES_ERROR;
				GCC_WARN_UNDECLARED_SELECTOR = YES;
				GCC_WARN_UNINITIALIZED_AUTOS = YES_AGGRESSIVE;
				GCC_WARN_UNUSED_FUNCTION = YES;
				GCC_WARN_UNUSED_VARIABLE = YES;
				IPHONEOS_DEPLOYMENT_TARGET = 16.0;
				MTL_ENABLE_DEBUG_INFO = NO;
				MTL_FAST_MATH = YES;
				SDKROOT = iphoneos;
				SWIFT_COMPILATION_MODE = wholemodule;
				SWIFT_OPTIMIZATION_LEVEL = "-O";
				VALIDATE_PRODUCT = YES;
			};
			name = Release;
		};
		40C8AC41292577B3005D6B9B /* Debug */ = {
			isa = XCBuildConfiguration;
			buildSettings = {
				ASSETCATALOG_COMPILER_APPICON_NAME = AppIcon;
				ASSETCATALOG_COMPILER_GLOBAL_ACCENT_COLOR_NAME = AccentColor;
				CODE_SIGN_STYLE = Automatic;
				CURRENT_PROJECT_VERSION = 1;
				DEVELOPMENT_ASSET_PATHS = "\"TikTok Clone (SwiftUI)/Preview Content\"";
				DEVELOPMENT_TEAM = 9B48U74AU3;
				ENABLE_PREVIEWS = YES;
				GENERATE_INFOPLIST_FILE = YES;
				INFOPLIST_KEY_UIApplicationSceneManifest_Generation = YES;
				INFOPLIST_KEY_UIApplicationSupportsIndirectInputEvents = YES;
				INFOPLIST_KEY_UILaunchScreen_Generation = YES;
				INFOPLIST_KEY_UISupportedInterfaceOrientations_iPad = "UIInterfaceOrientationPortrait UIInterfaceOrientationPortraitUpsideDown UIInterfaceOrientationLandscapeLeft UIInterfaceOrientationLandscapeRight";
				INFOPLIST_KEY_UISupportedInterfaceOrientations_iPhone = "UIInterfaceOrientationPortrait UIInterfaceOrientationLandscapeLeft UIInterfaceOrientationLandscapeRight";
				LD_RUNPATH_SEARCH_PATHS = (
					"$(inherited)",
					"@executable_path/Frameworks",
				);
				MARKETING_VERSION = 1.0;
				PRODUCT_BUNDLE_IDENTIFIER = "bugdent.TikTok-Clone--SwiftUI-";
				PRODUCT_NAME = "$(TARGET_NAME)";
				SWIFT_EMIT_LOC_STRINGS = YES;
				SWIFT_VERSION = 5.0;
				TARGETED_DEVICE_FAMILY = "1,2";
			};
			name = Debug;
		};
		40C8AC42292577B3005D6B9B /* Release */ = {
			isa = XCBuildConfiguration;
			buildSettings = {
				ASSETCATALOG_COMPILER_APPICON_NAME = AppIcon;
				ASSETCATALOG_COMPILER_GLOBAL_ACCENT_COLOR_NAME = AccentColor;
				CODE_SIGN_STYLE = Automatic;
				CURRENT_PROJECT_VERSION = 1;
				DEVELOPMENT_ASSET_PATHS = "\"TikTok Clone (SwiftUI)/Preview Content\"";
				DEVELOPMENT_TEAM = 9B48U74AU3;
				ENABLE_PREVIEWS = YES;
				GENERATE_INFOPLIST_FILE = YES;
				INFOPLIST_KEY_UIApplicationSceneManifest_Generation = YES;
				INFOPLIST_KEY_UIApplicationSupportsIndirectInputEvents = YES;
				INFOPLIST_KEY_UILaunchScreen_Generation = YES;
				INFOPLIST_KEY_UISupportedInterfaceOrientations_iPad = "UIInterfaceOrientationPortrait UIInterfaceOrientationPortraitUpsideDown UIInterfaceOrientationLandscapeLeft UIInterfaceOrientationLandscapeRight";
				INFOPLIST_KEY_UISupportedInterfaceOrientations_iPhone = "UIInterfaceOrientationPortrait UIInterfaceOrientationLandscapeLeft UIInterfaceOrientationLandscapeRight";
				LD_RUNPATH_SEARCH_PATHS = (
					"$(inherited)",
					"@executable_path/Frameworks",
				);
				MARKETING_VERSION = 1.0;
				PRODUCT_BUNDLE_IDENTIFIER = "bugdent.TikTok-Clone--SwiftUI-";
				PRODUCT_NAME = "$(TARGET_NAME)";
				SWIFT_EMIT_LOC_STRINGS = YES;
				SWIFT_VERSION = 5.0;
				TARGETED_DEVICE_FAMILY = "1,2";
			};
			name = Release;
		};
/* End XCBuildConfiguration section */

/* Begin XCConfigurationList section */
		40C8AC2D292577B1005D6B9B /* Build configuration list for PBXProject "TikTok Clone (SwiftUI)" */ = {
			isa = XCConfigurationList;
			buildConfigurations = (
				40C8AC3E292577B3005D6B9B /* Debug */,
				40C8AC3F292577B3005D6B9B /* Release */,
			);
			defaultConfigurationIsVisible = 0;
			defaultConfigurationName = Release;
		};
		40C8AC40292577B3005D6B9B /* Build configuration list for PBXNativeTarget "TikTok Clone (SwiftUI)" */ = {
			isa = XCConfigurationList;
			buildConfigurations = (
				40C8AC41292577B3005D6B9B /* Debug */,
				40C8AC42292577B3005D6B9B /* Release */,
			);
			defaultConfigurationIsVisible = 0;
			defaultConfigurationName = Release;
		};
/* End XCConfigurationList section */
	};
	rootObject = 40C8AC2A292577B1005D6B9B /* Project object */;
}
